
Microsoft Visual Studio Solution File, Format Version 12.00
# Visual Studio Version 17
VisualStudioVersion = 17.8.34309.116
MinimumVisualStudioVersion = 10.0.40219.1
Project("{9A19103F-16F7-4668-BE54-9A1E7A4F7556}") = "DemoDMS", "DemoDMS.csproj", "{ABE0D318-3EAC-47FF-A60E-08BE3003016A}"
EndProject
Global
	GlobalSection(SolutionConfigurationPlatforms) = preSolution
		Debug|Any CPU = Debug|Any CPU
		Release|Any CPU = Release|Any CPU
	EndGlobalSection
	GlobalSection(ProjectConfigurationPlatforms) = postSolution
		{ABE0D318-3EAC-47FF-A60E-08BE3003016A}.Debug|Any CPU.ActiveCfg = Debug|Any CPU
		{ABE0D318-3EAC-47FF-A60E-08BE3003016A}.Debug|Any CPU.Build.0 = Debug|Any CPU
		{ABE0D318-3EAC-47FF-A60E-08BE3003016A}.Release|Any CPU.ActiveCfg = Release|Any CPU
		{ABE0D318-3EAC-47FF-A60E-08BE3003016A}.Release|Any CPU.Build.0 = Release|Any CPU
	EndGlobalSection
	GlobalSection(SolutionProperties) = preSolution
		HideSolutionNode = FALSE
	EndGlobalSection
	GlobalSection(ExtensibilityGlobals) = postSolution
		SolutionGuid = {119C5752-393E-4431-BF78-293BCB32BE55}
	EndGlobalSection
EndGlobal
